Microsoft Visual Studio Solution File, Format Version 12.00
# Visual Studio Version 17
VisualStudioVersion = 17.5.2.0
MinimumVisualStudioVersion = 10.0.40219.1
Project("{FAE04EC0-301F-11D3-BF4B-00C04F79EFBC}") = "NotepadPro", "NotepadPro\NotepadPro.csproj", "{01EC0189-348F-C899-D40A-740F69B3E684}"
EndProject
Global
	GlobalSection(SolutionConfigurationPlatforms) = preSolution
		Debug|Any CPU = Debug|Any CPU
		Release|Any CPU = Release|Any CPU
	EndGlobalSection
	GlobalSection(ProjectConfigurationPlatforms) = postSolution
		{01EC0189-348F-C899-D40A-740F69B3E684}.Debug|Any CPU.ActiveCfg = Debug|Any CPU
		{01EC0189-348F-C899-D40A-740F69B3E684}.Debug|Any CPU.Build.0 = Debug|Any CPU
		{01EC0189-348F-C899-D40A-740F69B3E684}.Release|Any CPU.ActiveCfg = Release|Any CPU
		{01EC0189-348F-C899-D40A-740F69B3E684}.Release|Any CPU.Build.0 = Release|Any CPU
	EndGlobalSection
	GlobalSection(SolutionProperties) = preSolution
		HideSolutionNode = FALSE
	EndGlobalSection
	GlobalSection(ExtensibilityGlobals) = postSolution
		SolutionGuid = {28F80239-850B-4B8F-B6BD-55A60B1AD842}
	EndGlobalSection
EndGlobal
